// !$*UTF8*$!
{
	archiveVersion = 1;
	classes = {
	};
	objectVersion = 50;
	objects = {

/* Begin PBXBuildFile section */
		901A73C0226804D30029E62D /* AppDelegate.swift in Sources */ = {isa = PBXBuildFile; fileRef = 901A73BF226804D30029E62D /* AppDelegate.swift */; };
		901A73C2226804D30029E62D /* ViewController.swift in Sources */ = {isa = PBXBuildFile; fileRef = 901A73C1226804D30029E62D /* ViewController.swift */; };
		901A73C5226804D30029E62D /* Main.storyboard in Resources */ = {isa = PBXBuildFile; fileRef = 901A73C3226804D30029E62D /* Main.storyboard */; };
		901A73C7226804D40029E62D /* Assets.xcassets in Resources */ = {isa = PBXBuildFile; fileRef = 901A73C6226804D40029E62D /* Assets.xcassets */; };
		901A73CA226804D40029E62D /* LaunchScreen.storyboard in Resources */ = {isa = PBXBuildFile; fileRef = 901A73C8226804D40029E62D /* LaunchScreen.storyboard */; };
		90C14AC1226818E600544981 /* TodoModel.swift in Sources */ = {isa = PBXBuildFile; fileRef = 90C14AC0226818E600544981 /* TodoModel.swift */; };
		B589AEE9EDC2F4BFBB4DDC61 /* Pods_TestRealm2.framework in Frameworks */ = {isa = PBXBuildFile; fileRef = F088D380192DFA6DA0639427 /* Pods_TestRealm2.framework */; };
/* End PBXBuildFile section */

/* Begin PBXFileReference section */
		059063C04A1F14BE1155C28F /* Pods-TestRealm2.debug.xcconfig */ = {isa = PBXFileReference; includeInIndex = 1; lastKnownFileType = text.xcconfig; name = "Pods-TestRealm2.debug.xcconfig"; path = "Target Support Files/Pods-TestRealm2/Pods-TestRealm2.debug.xcconfig"; sourceTree = "<group>"; };
		901A73BC226804D30029E62D /* TestRealm2.app */ = {isa = PBXFileReference; explicitFileType = wrapper.application; includeInIndex = 0; path = TestRealm2.app; sourceTree = BUILT_PRODUCTS_DIR; };
		901A73BF226804D30029E62D /* AppDelegate.swift */ = {isa = PBXFileReference; lastKnownFileType = sourcecode.swift; path = AppDelegate.swift; sourceTree = "<group>"; };
		901A73C1226804D30029E62D /* ViewController.swift */ = {isa = PBXFileReference; lastKnownFileType = sourcecode.swift; path = ViewController.swift; sourceTree = "<group>"; };
		901A73C4226804D30029E62D /* Base */ = {isa = PBXFileReference; lastKnownFileType = file.storyboard; name = Base; path = Base.lproj/Main.storyboard; sourceTree = "<group>"; };
		901A73C6226804D40029E62D /* Assets.xcassets */ = {isa = PBXFileReference; lastKnownFileType = folder.assetcatalog; path = Assets.xcassets; sourceTree = "<group>"; };
		901A73C9226804D40029E62D /* Base */ = {isa = PBXFileReference; lastKnownFileType = file.storyboard; name = Base; path = Base.lproj/LaunchScreen.storyboard; sourceTree = "<group>"; };
		901A73CB226804D40029E62D /* Info.plist */ = {isa = PBXFileReference; lastKnownFileType = text.plist.xml; path = Info.plist; sourceTree = "<group>"; };
		90C14AC0226818E600544981 /* TodoModel.swift */ = {isa = PBXFileReference; lastKnownFileType = sourcecode.swift; path = TodoModel.swift; sourceTree = "<group>"; };
		AD4F9A5E12DF506463E50C67 /* Pods-TestRealm2.release.xcconfig */ = {isa = PBXFileReference; includeInIndex = 1; lastKnownFileType = text.xcconfig; name = "Pods-TestRealm2.release.xcconfig"; path = "Target Support Files/Pods-TestRealm2/Pods-TestRealm2.release.xcconfig"; sourceTree = "<group>"; };
		F088D380192DFA6DA0639427 /* Pods_TestRealm2.framework */ = {isa = PBXFileReference; explicitFileType = wrapper.framework; includeInIndex = 0; path = Pods_TestRealm2.framework; sourceTree = BUILT_PRODUCTS_DIR; };
/* End PBXFileReference section */

/* Begin PBXFrameworksBuildPhase section */
		901A73B9226804D30029E62D /* Frameworks */ = {
			isa = PBXFrameworksBuildPhase;
			buildActionMask = 2147483647;
			files = (
				B589AEE9EDC2F4BFBB4DDC61 /* Pods_TestRealm2.framework in Frameworks */,
			);
			runOnlyForDeploymentPostprocessing = 0;
		};
/* End PBXFrameworksBuildPhase section */

/* Begin PBXGroup section */
		7A48195EC653CE54984F2FA3 /* Frameworks */ = {
			isa = PBXGroup;
			children = (
				F088D380192DFA6DA0639427 /* Pods_TestRealm2.framework */,
			);
			name = Frameworks;
			sourceTree = "<group>";
		};
		901A73B3226804D30029E62D = {
			isa = PBXGroup;
			children = (
				901A73BE226804D30029E62D /* TestRealm2 */,
				901A73BD226804D30029E62D /* Products */,
				D52B90DD630156ADA4FA5874 /* Pods */,
				7A48195EC653CE54984F2FA3 /* Frameworks */,
			);
			sourceTree = "<group>";
		};
		901A73BD226804D30029E62D /* Products */ = {
			isa = PBXGroup;
			children = (
				901A73BC226804D30029E62D /* TestRealm2.app */,
			);
			name = Products;
			sourceTree = "<group>";
		};
		901A73BE226804D30029E62D /* TestRealm2 */ = {
			isa = PBXGroup;
			children = (
				901A73BF226804D30029E62D /* AppDelegate.swift */,
				901A73C1226804D30029E62D /* ViewController.swift */,
				901A73C3226804D30029E62D /* Main.storyboard */,
				90C14AC0226818E600544981 /* TodoModel.swift */,
				901A73C6226804D40029E62D /* Assets.xcassets */,
				901A73C8226804D40029E62D /* LaunchScreen.storyboard */,
				901A73CB226804D40029E62D /* Info.plist */,
			);
			path = TestRealm2;
			sourceTree = "<group>";
		};
		D52B90DD630156ADA4FA5874 /* Pods */ = {
			isa = PBXGroup;
			children = (
				059063C04A1F14BE1155C28F /* Pods-TestRealm2.debug.xcconfig */,
				AD4F9A5E12DF506463E50C67 /* Pods-TestRealm2.release.xcconfig */,
			);
			path = Pods;
			sourceTree = "<group>";
		};
/* End PBXGroup section */

/* Begin PBXNativeTarget section */
		901A73BB226804D30029E62D /* TestRealm2 */ = {
			isa = PBXNativeTarget;
			buildConfigurationList = 901A73CE226804D40029E62D /* Build configuration list for PBXNativeTarget "TestRealm2" */;
			buildPhases = (
				19192CF4B44EB658381AAA31 /* [CP] Check Pods Manifest.lock */,
				901A73B8226804D30029E62D /* Sources */,
				901A73B9226804D30029E62D /* Frameworks */,
				901A73BA226804D30029E62D /* Resources */,
				5A7A7D7F6F3A35233A9A8F45 /* [CP] Embed Pods Frameworks */,
			);
			buildRules = (
			);
			dependencies = (
			);
			name = TestRealm2;
			productName = TestRealm2;
			productReference = 901A73BC226804D30029E62D /* TestRealm2.app */;
			productType = "com.apple.product-type.application";
		};
/* End PBXNativeTarget section */

/* Begin PBXProject section */
		901A73B4226804D30029E62D /* Project object */ = {
			isa = PBXProject;
			attributes = {
				LastSwiftUpdateCheck = 1010;
				LastUpgradeCheck = 1010;
				ORGANIZATIONNAME = TatsuyukiTakahashi;
				TargetAttributes = {
					901A73BB226804D30029E62D = {
						CreatedOnToolsVersion = 10.1;
					};
				};
			};
			buildConfigurationList = 901A73B7226804D30029E62D /* Build configuration list for PBXProject "TestRealm2" */;
			compatibilityVersion = "Xcode 9.3";
			developmentRegion = en;
			hasScannedForEncodings = 0;
			knownRegions = (
				en,
				Base,
			);
			mainGroup = 901A73B3226804D30029E62D;
			productRefGroup = 901A73BD226804D30029E62D /* Products */;
			projectDirPath = "";
			projectRoot = "";
			targets = (
				901A73BB226804D30029E62D /* TestRealm2 */,
			);
		};
/* End PBXProject section */

/* Begin PBXResourcesBuildPhase section */
		901A73BA226804D30029E62D /* Resources */ = {
			isa = PBXResourcesBuildPhase;
			buildActionMask = 2147483647;
			files = (
				901A73CA226804D40029E62D /* LaunchScreen.storyboard in Resources */,
				901A73C7226804D40029E62D /* Assets.xcassets in Resources */,
				901A73C5226804D30029E62D /* Main.storyboard in Resources */,
			);
			runOnlyForDeploymentPostprocessing = 0;
		};
/* End PBXResourcesBuildPhase section */

/* Begin PBXShellScriptBuildPhase section */
		19192CF4B44EB658381AAA31 /* [CP] Check Pods Manifest.lock */ = {
			isa = PBXShellScriptBuildPhase;
			buildActionMask = 2147483647;
			files = (
			);
			inputFileListPaths = (
			);
			inputPaths = (
				"${PODS_PODFILE_DIR_PATH}/Podfile.lock",
				"${PODS_ROOT}/Manifest.lock",
			);
			name = "[CP] Check Pods Manifest.lock";
			outputFileListPaths = (
			);
			outputPaths = (
				"$(DERIVED_FILE_DIR)/Pods-TestRealm2-checkManifestLockResult.txt",
			);
			runOnlyForDeploymentPostprocessing = 0;
			shellPath = /bin/sh;
			shellScript = "diff \"${PODS_PODFILE_DIR_PATH}/Podfile.lock\" \"${PODS_ROOT}/Manifest.lock\" > /dev/null\nif [ $? != 0 ] ; then\n    # print error to STDERR\n    echo \"error: The sandbox is not in sync with the Podfile.lock. Run 'pod install' or update your CocoaPods installation.\" >&2\n    exit 1\nfi\n# This output is used by Xcode 'outputs' to avoid re-running this script phase.\necho \"SUCCESS\" > \"${SCRIPT_OUTPUT_FILE_0}\"\n";
			showEnvVarsInLog = 0;
		};
		5A7A7D7F6F3A35233A9A8F45 /* [CP] Embed Pods Frameworks */ = {
			isa = PBXShellScriptBuildPhase;
			buildActionMask = 2147483647;
			files = (
			);
			inputFileListPaths = (
			);
			inputPaths = (
				"${PODS_ROOT}/Target Support Files/Pods-TestRealm2/Pods-TestRealm2-frameworks.sh",
				"${BUILT_PRODUCTS_DIR}/Realm/Realm.framework",
				"${BUILT_PRODUCTS_DIR}/RealmSwift/RealmSwift.framework",
			);
			name = "[CP] Embed Pods Frameworks";
			outputFileListPaths = (
			);
			outputPaths = (
				"${TARGET_BUILD_DIR}/${FRAMEWORKS_FOLDER_PATH}/Realm.framework",
				"${TARGET_BUILD_DIR}/${FRAMEWORKS_FOLDER_PATH}/RealmSwift.framework",
			);
			runOnlyForDeploymentPostprocessing = 0;
			shellPath = /bin/sh;
			shellScript = "\"${PODS_ROOT}/Target Support Files/Pods-TestRealm2/Pods-TestRealm2-frameworks.sh\"\n";
			showEnvVarsInLog = 0;
		};
/* End PBXShellScriptBuildPhase section */

/* Begin PBXSourcesBuildPhase section */
		901A73B8226804D30029E62D /* Sources */ = {
			isa = PBXSourcesBuildPhase;
			buildActionMask = 2147483647;
			files = (
				90C14AC1226818E600544981 /* TodoModel.swift in Sources */,
				901A73C2226804D30029E62D /* ViewController.swift in Sources */,
				901A73C0226804D30029E62D /* AppDelegate.swift in Sources */,
			);
			runOnlyForDeploymentPostprocessing = 0;
		};
/* End PBXSourcesBuildPhase section */

/* Begin PBXVariantGroup section */
		901A73C3226804D30029E62D /* Main.storyboard */ = {
			isa = PBXVariantGroup;
			children = (
				901A73C4226804D30029E62D /* Base */,
			);
			name = Main.storyboard;
			sourceTree = "<group>";
		};
		901A73C8226804D40029E62D /* LaunchScreen.storyboard */ = {
			isa = PBXVariantGroup;
			children = (
				901A73C9226804D40029E62D /* Base */,
			);
			name = LaunchScreen.storyboard;
			sourceTree = "<group>";
		};
/* End PBXVariantGroup section */

/* Begin XCBuildConfiguration section */
		901A73CC226804D40029E62D /* Debug */ = {
			isa = XCBuildConfiguration;
			buildSettings = {
				ALWAYS_SEARCH_USER_PATHS = NO;
				CLANG_ANALYZER_NONNULL = YES;
				CLANG_ANALYZER_NUMBER_OBJECT_CONVERSION = YES_AGGRESSIVE;
				CLANG_CXX_LANGUAGE_STANDARD = "gnu++14";
				CLANG_CXX_LIBRARY = "libc++";
				CLANG_ENABLE_MODULES = YES;
				CLANG_ENABLE_OBJC_ARC = YES;
				CLANG_ENABLE_OBJC_WEAK = YES;
				CLANG_WARN_BLOCK_CAPTURE_AUTORELEASING = YES;
				CLANG_WARN_BOOL_CONVERSION = YES;
				CLANG_WARN_COMMA = YES;
				CLANG_WARN_CONSTANT_CONVERSION = YES;
				CLANG_WARN_DEPRECATED_OBJC_IMPLEMENTATIONS = YES;
				CLANG_WARN_DIRECT_OBJC_ISA_USAGE = YES_ERROR;
				CLANG_WARN_DOCUMENTATION_COMMENTS = YES;
				CLANG_WARN_EMPTY_BODY = YES;
				CLANG_WARN_ENUM_CONVERSION = YES;
				CLANG_WARN_INFINITE_RECURSION = YES;
				CLANG_WARN_INT_CONVERSION = YES;
				CLANG_WARN_NON_LITERAL_NULL_CONVERSION = YES;
				CLANG_WARN_OBJC_IMPLICIT_RETAIN_SELF = YES;
				CLANG_WARN_OBJC_LITERAL_CONVERSION = YES;
				CLANG_WARN_OBJC_ROOT_CLASS = YES_ERROR;
				CLANG_WARN_RANGE_LOOP_ANALYSIS = YES;
				CLANG_WARN_STRICT_PROTOTYPES = YES;
				CLANG_WARN_SUSPICIOUS_MOVE = YES;
				CLANG_WARN_UNGUARDED_AVAILABILITY = YES_AGGRESSIVE;
				CLANG_WARN_UNREACHABLE_CODE = YES;
				CLANG_WARN__DUPLICATE_METHOD_MATCH = YES;
				CODE_SIGN_IDENTITY = "iPhone Developer";
				COPY_PHASE_STRIP = NO;
				DEBUG_INFORMATION_FORMAT = dwarf;
				ENABLE_STRICT_OBJC_MSGSEND = YES;
				ENABLE_TESTABILITY = YES;
				GCC_C_LANGUAGE_STANDARD = gnu11;
				GCC_DYNAMIC_NO_PIC = NO;
				GCC_NO_COMMON_BLOCKS = YES;
				GCC_OPTIMIZATION_LEVEL = 0;
				GCC_PREPROCESSOR_DEFINITIONS = (
					"DEBUG=1",
					"$(inherited)",
				);
				GCC_WARN_64_TO_32_BIT_CONVERSION = YES;
				GCC_WARN_ABOUT_RETURN_TYPE = YES_ERROR;
				GCC_WARN_UNDECLARED_SELECTOR = YES;
				GCC_WARN_UNINITIALIZED_AUTOS = YES_AGGRESSIVE;
				GCC_WARN_UNUSED_FUNCTION = YES;
				GCC_WARN_UNUSED_VARIABLE = YES;
				IPHONEOS_DEPLOYMENT_TARGET = 12.1;
				MTL_ENABLE_DEBUG_INFO = INCLUDE_SOURCE;
				MTL_FAST_MATH = YES;
				ONLY_ACTIVE_ARCH = YES;
				SDKROOT = iphoneos;
				SWIFT_ACTIVE_COMPILATION_CONDITIONS = DEBUG;
				SWIFT_OPTIMIZATION_LEVEL = "-Onone";
			};
			name = Debug;
		};
		901A73CD226804D40029E62D /* Release */ = {
			isa = XCBuildConfiguration;
			buildSettings = {
				ALWAYS_SEARCH_USER_PATHS = NO;
				CLANG_ANALYZER_NONNULL = YES;
				CLANG_ANALYZER_NUMBER_OBJECT_CONVERSION = YES_AGGRESSIVE;
				CLANG_CXX_LANGUAGE_STANDARD = "gnu++14";
				CLANG_CXX_LIBRARY = "libc++";
				CLANG_ENABLE_MODULES = YES;
				CLANG_ENABLE_OBJC_ARC = YES;
				CLANG_ENABLE_OBJC_WEAK = YES;
				CLANG_WARN_BLOCK_CAPTURE_AUTORELEASING = YES;
				CLANG_WARN_BOOL_CONVERSION = YES;
				CLANG_WARN_COMMA = YES;
				CLANG_WARN_CONSTANT_CONVERSION = YES;
				CLANG_WARN_DEPRECATED_OBJC_IMPLEMENTATIONS = YES;
				CLANG_WARN_DIRECT_OBJC_ISA_USAGE = YES_ERROR;
				CLANG_WARN_DOCUMENTATION_COMMENTS = YES;
				CLANG_WARN_EMPTY_BODY = YES;
				CLANG_WARN_ENUM_CONVERSION = YES;
				CLANG_WARN_INFINITE_RECURSION = YES;
				CLANG_WARN_INT_CONVERSION = YES;
				CLANG_WARN_NON_LITERAL_NULL_CONVERSION = YES;
				CLANG_WARN_OBJC_IMPLICIT_RETAIN_SELF = YES;
				CLANG_WARN_OBJC_LITERAL_CONVERSION = YES;
				CLANG_WARN_OBJC_ROOT_CLASS = YES_ERROR;
				CLANG_WARN_RANGE_LOOP_ANALYSIS = YES;
				CLANG_WARN_STRICT_PROTOTYPES = YES;
				CLANG_WARN_SUSPICIOUS_MOVE = YES;
				CLANG_WARN_UNGUARDED_AVAILABILITY = YES_AGGRESSIVE;
				CLANG_WARN_UNREACHABLE_CODE = YES;
				CLANG_WARN__DUPLICATE_METHOD_MATCH = YES;
				CODE_SIGN_IDENTITY = "iPhone Developer";
				COPY_PHASE_STRIP = NO;
				DEBUG_INFORMATION_FORMAT = "dwarf-with-dsym";
				ENABLE_NS_ASSERTIONS = NO;
				ENABLE_STRICT_OBJC_MSGSEND = YES;
				GCC_C_LANGUAGE_STANDARD = gnu11;
				GCC_NO_COMMON_BLOCKS = YES;
				GCC_WARN_64_TO_32_BIT_CONVERSION = YES;
				GCC_WARN_ABOUT_RETURN_TYPE = YES_ERROR;
				GCC_WARN_UNDECLARED_SELECTOR = YES;
				GCC_WARN_UNINITIALIZED_AUTOS = YES_AGGRESSIVE;
				GCC_WARN_UNUSED_FUNCTION = YES;
				GCC_WARN_UNUSED_VARIABLE = YES;
				IPHONEOS_DEPLOYMENT_TARGET = 12.1;
				MTL_ENABLE_DEBUG_INFO = NO;
				MTL_FAST_MATH = YES;
				SDKROOT = iphoneos;
				SWIFT_COMPILATION_MODE = wholemodule;
				SWIFT_OPTIMIZATION_LEVEL = "-O";
				VALIDATE_PRODUCT = YES;
			};
			name = Release;
		};
		901A73CF226804D40029E62D /* Debug */ = {
			isa = XCBuildConfiguration;
			baseConfigurationReference = 059063C04A1F14BE1155C28F /* Pods-TestRealm2.debug.xcconfig */;
			buildSettings = {
				ASSETCATALOG_COMPILER_APPICON_NAME = AppIcon;
				CODE_SIGN_STYLE = Automatic;
				INFOPLIST_FILE = TestRealm2/Info.plist;
				IPHONEOS_DEPLOYMENT_TARGET = 9.0;
				LD_RUNPATH_SEARCH_PATHS = (
					"$(inherited)",
					"@executable_path/Frameworks",
				);
				PRODUCT_BUNDLE_IDENTIFIER = TestRealm.TD3P.com.TestRealm2;
				PRODUCT_NAME = "$(TARGET_NAME)";
				SWIFT_VERSION = 4.2;
				TARGETED_DEVICE_FAMILY = "1,2";
			};
			name = Debug;
		};
		901A73D0226804D40029E62D /* Release */ = {
			isa = XCBuildConfiguration;
			baseConfigurationReference = AD4F9A5E12DF506463E50C67 /* Pods-TestRealm2.release.xcconfig */;
			buildSettings = {
				ASSETCATALOG_COMPILER_APPICON_NAME = AppIcon;
				CODE_SIGN_STYLE = Automatic;
				INFOPLIST_FILE = TestRealm2/Info.plist;
				IPHONEOS_DEPLOYMENT_TARGET = 9.0;
				LD_RUNPATH_SEARCH_PATHS = (
					"$(inherited)",
					"@executable_path/Frameworks",
				);
				PRODUCT_BUNDLE_IDENTIFIER = TestRealm.TD3P.com.TestRealm2;
				PRODUCT_NAME = "$(TARGET_NAME)";
				SWIFT_VERSION = 4.2;
				TARGETED_DEVICE_FAMILY = "1,2";
			};
			name = Release;
		};
/* End XCBuildConfiguration section */

/* Begin XCConfigurationList section */
		901A73B7226804D30029E62D /* Build configuration list for PBXProject "TestRealm2" */ = {
			isa = XCConfigurationList;
			buildConfigurations = (
				901A73CC226804D40029E62D /* Debug */,
				901A73CD226804D40029E62D /* Release */,
			);
			defaultConfigurationIsVisible = 0;
			defaultConfigurationName = Release;
		};
		901A73CE226804D40029E62D /* Build configuration list for PBXNativeTarget "TestRealm2" */ = {
			isa = XCConfigurationList;
			buildConfigurations = (
				901A73CF226804D40029E62D /* Debug */,
				901A73D0226804D40029E62D /* Release */,
			);
			defaultConfigurationIsVisible = 0;
			defaultConfigurationName = Release;
		};
/* End XCConfigurationList section */
	};
	rootObject = 901A73B4226804D30029E62D /* Project object */;
}
